github.com/dkoosis/atomicfile v0.0.0-20260811102456-9091c28d4820 h1:x7UDk0isvTYxv8obfKfrancH99VtIJRZ3StZ9izJlvU=
github.com/dkoosis/atomicfile v0.0.0-20260811102456-9091c28d4820/go.mod h1:6wCWesghtzLYJ0IjlbbddyTCU8ZowoiIUzcy4Qi9fDc=
github.com/dkoosis/conform v0.2.1-0.20260907030945-a05e4f4bd54a h1:a7eoJOP21e3z5P0h4zmnp2BTDVlCWUmlxE3XP+eCsZo=
github.com/dkoosis/conform v0.2.1-0.20260907030945-a05e4f4bd54a/go.mod h1:Zq32Tf2c7K8O2MPAja+pJfOWmbika4Wn5qCZoUdcKEQ=
github.com/google/renameio/v2 v2.0.2 h1:qKZs+tfn+arruZZhQ7TKC/ergJunuJicWS6gLDt/dGw=
github.com/google/renameio/v2 v2.0.2/go.mod h1:OX+G6WHHpHq3NVj7cAOleLOwJfcQ1s3uUJQCrr78SWo=
github.com/quasilyte/go-ruleguard/dsl v0.3.23 h1:lxjt5B6ZCiBeeNO8/oQsegE6fLeCzuMRoVWSkXC4uvY=
github.com/quasilyte/go-ruleguard/dsl v0.3.23/go.mod h1:KeCP03KrjuSO0H1kTuZQCWlQPulDV6YMIXmpQss17rU=
golang.org/x/sys v0.47.0 h1:o7XGOvZQCADBQQ4Y7VNq2dRWQR7JmOUW8Kxx4ZsNgWs=
golang.org/x/sys v0.47.0/go.mod h1:4GL1E5IUh+htKOUEOaiffhrAeqysfVGipDYzABqnCmw=
gopkg.in/check.v1 v0.0.0-20161208181325-20d25e280405 h1:yhCVgyC4o1eVCa2tZl7eS0r+SDo693bJlVdllGtEeKM=
gopkg.in/check.v1 v0.0.0-20161208181325-20d25e280405/go.mod h1:Co6ibVJAznAaIkqp8huTwlJQCZ016jof/cbN4VW5Yz0=
gopkg.in/yaml.v3 v3.0.1 h1:fxVm/GzAzEWqLHuvctI91KS9hhNmmWOoWu0XTYJS7CA=
gopkg.in/yaml.v3 v3.0.1/go.mod h1:K4uyk7z7BCEPqu6E+C64Yfv1cQ7kz7rIZviUmN+EgEM=
